
Microsoft Visual Studio Solution File, Format Version 12.00
# Visual Studio Version 16
VisualStudioVersion = 16.0.29728.190
MinimumVisualStudioVersion = 10.0.40219.1
Project("{9A19103F-16F7-4668-BE54-9A1E7A4F7556}") = "ProjectDemo.WebAPI", "ProjectDemo\ProjectDemo.WebAPI.csproj", "{9E59646A-BA19-4F43-8B8F-DFEA4FEC74A7}"
EndProject
Project("{9A19103F-16F7-4668-BE54-9A1E7A4F7556}") = "ProjectDemo.Domain", "ProjectDemo.Domain\ProjectDemo.Domain.csproj", "{1C3F0C76-FD28-40B4-B043-D299266A43E2}"
EndProject
Project("{2150E333-8FDC-42A3-9474-1A3956D46DE8}") = "Tests", "Tests", "{90C37FF8-76CF-4CCE-A7CE-44A4E096D3C8}"
EndProject
Project("{9A19103F-16F7-4668-BE54-9A1E7A4F7556}") = "ProjectDemo.Domain.UnitTests", "ProjectDemo.Domain.Tests\ProjectDemo.Domain.UnitTests.csproj", "{9B9820D0-E3CC-4B35-A0BF-572C9359DD2E}"
EndProject
Project("{FAE04EC0-301F-11D3-BF4B-00C04F79EFBC}") = "ProjectDemo.Persistance", "ProjectDemo.Persistance\ProjectDemo.Persistance.csproj", "{2C0D798D-ECD2-4103-8642-159B5D50C3E0}"
EndProject
Project("{FAE04EC0-301F-11D3-BF4B-00C04F79EFBC}") = "ProjectDemo.Persistance.IntegrationTests", "ProjectDemo.Persistance.IntegrationTests\ProjectDemo.Persistance.IntegrationTests.csproj", "{68287FC9-DB27-4F12-922F-E0E72C23024B}"
EndProject
Global
	GlobalSection(SolutionConfigurationPlatforms) = preSolution
		Debug|Any CPU = Debug|Any CPU
		Release|Any CPU = Release|Any CPU
	EndGlobalSection
	GlobalSection(ProjectConfigurationPlatforms) = postSolution
		{9E59646A-BA19-4F43-8B8F-DFEA4FEC74A7}.Debug|Any CPU.ActiveCfg = Debug|Any CPU
		{9E59646A-BA19-4F43-8B8F-DFEA4FEC74A7}.Debug|Any CPU.Build.0 = Debug|Any CPU
		{9E59646A-BA19-4F43-8B8F-DFEA4FEC74A7}.Release|Any CPU.ActiveCfg = Release|Any CPU
		{9E59646A-BA19-4F43-8B8F-DFEA4FEC74A7}.Release|Any CPU.Build.0 = Release|Any CPU
		{1C3F0C76-FD28-40B4-B043-D299266A43E2}.Debug|Any CPU.ActiveCfg = Debug|Any CPU
		{1C3F0C76-FD28-40B4-B043-D299266A43E2}.Debug|Any CPU.Build.0 = Debug|Any CPU
		{1C3F0C76-FD28-40B4-B043-D299266A43E2}.Release|Any CPU.ActiveCfg = Release|Any CPU
		{1C3F0C76-FD28-40B4-B043-D299266A43E2}.Release|Any CPU.Build.0 = Release|Any CPU
		{9B9820D0-E3CC-4B35-A0BF-572C9359DD2E}.Debug|Any CPU.ActiveCfg = Debug|Any CPU
		{9B9820D0-E3CC-4B35-A0BF-572C9359DD2E}.Debug|Any CPU.Build.0 = Debug|Any CPU
		{9B9820D0-E3CC-4B35-A0BF-572C9359DD2E}.Release|Any CPU.ActiveCfg = Release|Any CPU
		{9B9820D0-E3CC-4B35-A0BF-572C9359DD2E}.Release|Any CPU.Build.0 = Release|Any CPU
		{2C0D798D-ECD2-4103-8642-159B5D50C3E0}.Debug|Any CPU.ActiveCfg = Debug|Any CPU
		{2C0D798D-ECD2-4103-8642-159B5D50C3E0}.Debug|Any CPU.Build.0 = Debug|Any CPU
		{2C0D798D-ECD2-4103-8642-159B5D50C3E0}.Release|Any CPU.ActiveCfg = Release|Any CPU
		{2C0D798D-ECD2-4103-8642-159B5D50C3E0}.Release|Any CPU.Build.0 = Release|Any CPU
		{68287FC9-DB27-4F12-922F-E0E72C23024B}.Debug|Any CPU.ActiveCfg = Debug|Any CPU
		{68287FC9-DB27-4F12-922F-E0E72C23024B}.Debug|Any CPU.Build.0 = Debug|Any CPU
		{68287FC9-DB27-4F12-922F-E0E72C23024B}.Release|Any CPU.ActiveCfg = Release|Any CPU
		{68287FC9-DB27-4F12-922F-E0E72C23024B}.Release|Any CPU.Build.0 = Release|Any CPU
	EndGlobalSection
	GlobalSection(SolutionProperties) = preSolution
		HideSolutionNode = FALSE
	EndGlobalSection
	GlobalSection(NestedProjects) = preSolution
		{9B9820D0-E3CC-4B35-A0BF-572C9359DD2E} = {90C37FF8-76CF-4CCE-A7CE-44A4E096D3C8}
		{68287FC9-DB27-4F12-922F-E0E72C23024B} = {90C37FF8-76CF-4CCE-A7CE-44A4E096D3C8}
	EndGlobalSection
	GlobalSection(ExtensibilityGlobals) = postSolution
		SolutionGuid = {41A34B8F-A18D-4597-9CC5-9E8D1FD977A7}
	EndGlobalSection
EndGlobal
